lockfileVersion: 5.4

specifiers:
  async: ^3.2.4
  properties: ^1.2.1
  uglify-js: ^3.16.1

devDependencies:
  async: 3.2.4
  properties: 1.2.1
  uglify-js: 3.16.1

packages:

  /async/3.2.4:
    resolution: {integrity: sha512-iAB+JbDEGXhyIUavoDl9WP/Jj106Kz9DEn1DPgYw5ruDn0e3Wgi3sKFm55sASdGBNOQB8F59d9qQ7deqrHA8wQ==}
    dev: true

  /properties/1.2.1:
    resolution: {integrity: sha512-qYNxyMj1JeW54i/EWEFsM1cVwxJbtgPp8+0Wg9XjNaK6VE/c4oRi6PNu5p7w1mNXEIQIjV5Wwn8v8Gz82/QzdQ==}
    engines: {node: '>=0.10'}
    dev: true

  /uglify-js/3.16.1:
    resolution: {integrity: sha512-X5BGTIDH8U6IQ1TIRP62YC36k+ULAa1d59BxlWvPUJ1NkW5L3FwcGfEzuVvGmhJFBu0YJ5Ge25tmRISqCmLiRQ==}
    engines: {node: '>=0.8.0'}
    hasBin: true
    dev: true
